
Microsoft Visual Studio Solution File, Format Version 12.00
# Visual Studio Version 16
VisualStudioVersion = 16.0.30413.136
MinimumVisualStudioVersion = 10.0.40219.1
Project("{9A19103F-16F7-4668-BE54-9A1E7A4F7556}") = "Books365", "Books365\Books365.csproj", "{B9B66DDD-1A32-4745-8611-7F8F16DE52A1}"
EndProject
Global
	GlobalSection(SolutionConfigurationPlatforms) = preSolution
		Debug|Any CPU = Debug|Any CPU
		Release|Any CPU = Release|Any CPU
	EndGlobalSection
	GlobalSection(ProjectConfigurationPlatforms) = postSolution
		{B9B66DDD-1A32-4745-8611-7F8F16DE52A1}.Debug|Any CPU.ActiveCfg = Debug|Any CPU
		{B9B66DDD-1A32-4745-8611-7F8F16DE52A1}.Debug|Any CPU.Build.0 = Debug|Any CPU
		{B9B66DDD-1A32-4745-8611-7F8F16DE52A1}.Release|Any CPU.ActiveCfg = Release|Any CPU
		{B9B66DDD-1A32-4745-8611-7F8F16DE52A1}.Release|Any CPU.Build.0 = Release|Any CPU
	EndGlobalSection
	GlobalSection(SolutionProperties) = preSolution
		HideSolutionNode = FALSE
	EndGlobalSection
	GlobalSection(ExtensibilityGlobals) = postSolution
		SolutionGuid = {F35FC60F-20A0-4A58-AA5C-4D6BF44E89AF}
	EndGlobalSection
EndGlobal
